
Microsoft Visual Studio Solution File, Format Version 12.00
# Visual Studio Express 2013 for Windows Desktop
VisualStudioVersion = 12.0.21005.1
MinimumVisualStudioVersion = 10.0.40219.1
Project("{FAE04EC0-301F-11D3-BF4B-00C04F79EFBC}") = "BankAccounts", "BankAccounts\BankAccounts.csproj", "{D025ACF1-01E3-4C8D-A348-88263102EAA5}"
EndProject
Project("{FAE04EC0-301F-11D3-BF4B-00C04F79EFBC}") = "BankAccounts.Data", "BankAccounts.Data\BankAccounts.Data.csproj", "{D083AC17-F50C-4763-9E85-4D5B0F7EE50A}"
EndProject
Project("{FAE04EC0-301F-11D3-BF4B-00C04F79EFBC}") = "BankAccounts.Test", "BankAccounts.Test\BankAccounts.Test.csproj", "{FE6C4EA8-6042-48EF-97F2-E77AACE5B18F}"
EndProject
Global
	GlobalSection(SolutionConfigurationPlatforms) = preSolution
		Debug|Any CPU = Debug|Any CPU
		Release|Any CPU = Release|Any CPU
	EndGlobalSection
	GlobalSection(ProjectConfigurationPlatforms) = postSolution
		{D025ACF1-01E3-4C8D-A348-88263102EAA5}.Debug|Any CPU.ActiveCfg = Debug|Any CPU
		{D025ACF1-01E3-4C8D-A348-88263102EAA5}.Debug|Any CPU.Build.0 = Debug|Any CPU
		{D025ACF1-01E3-4C8D-A348-88263102EAA5}.Release|Any CPU.ActiveCfg = Release|Any CPU
		{D025ACF1-01E3-4C8D-A348-88263102EAA5}.Release|Any CPU.Build.0 = Release|Any CPU
		{D083AC17-F50C-4763-9E85-4D5B0F7EE50A}.Debug|Any CPU.ActiveCfg = Debug|Any CPU
		{D083AC17-F50C-4763-9E85-4D5B0F7EE50A}.Debug|Any CPU.Build.0 = Debug|Any CPU
		{D083AC17-F50C-4763-9E85-4D5B0F7EE50A}.Release|Any CPU.ActiveCfg = Release|Any CPU
		{D083AC17-F50C-4763-9E85-4D5B0F7EE50A}.Release|Any CPU.Build.0 = Release|Any CPU
		{FE6C4EA8-6042-48EF-97F2-E77AACE5B18F}.Debug|Any CPU.ActiveCfg = Debug|Any CPU
		{FE6C4EA8-6042-48EF-97F2-E77AACE5B18F}.Debug|Any CPU.Build.0 = Debug|Any CPU
		{FE6C4EA8-6042-48EF-97F2-E77AACE5B18F}.Release|Any CPU.ActiveCfg = Release|Any CPU
		{FE6C4EA8-6042-48EF-97F2-E77AACE5B18F}.Release|Any CPU.Build.0 = Release|Any CPU
	EndGlobalSection
	GlobalSection(SolutionProperties) = preSolution
		HideSolutionNode = FALSE
	EndGlobalSection
EndGlobal
